
Microsoft Visual Studio Solution File, Format Version 12.00
# Visual Studio Version 17
VisualStudioVersion = 17.2.32616.157
MinimumVisualStudioVersion = 10.0.40219.1
Project("{D954291E-2A0B-460D-934E-DC6B0785DB48}") = "BlowtorchesAndGunpowder", "BlowtorchesAndGunpowder.shproj", "{11DCAA77-955A-4C4A-AE58-4D38A5DA5F1C}"
EndProject
Global
	GlobalSection(SolutionProperties) = preSolution
		HideSolutionNode = FALSE
	EndGlobalSection
	GlobalSection(ExtensibilityGlobals) = postSolution
		SolutionGuid = {F090773F-9677-48B6-B961-4D46948A0F17}
	EndGlobalSection
	GlobalSection(SharedMSBuildProjectFiles) = preSolution
		BlowtorchesAndGunpowder.projitems*{11dcaa77-955a-4c4a-ae58-4d38a5da5f1c}*SharedItemsImports = 13
	EndGlobalSection
EndGlobal
